
Microsoft Visual Studio Solution File, Format Version 12.00
# Visual Studio Version 16
VisualStudioVersion = 16.0.33027.164
MinimumVisualStudioVersion = 10.0.40219.1
Project("{FAE04EC0-301F-11D3-BF4B-00C04F79EFBC}") = "ders1", "ders1.csproj", "{2FADEE12-3DC8-4418-9B93-7D06A1E4E2D2}"
EndProject
Global
	GlobalSection(SolutionConfigurationPlatforms) = preSolution
		Debug|Any CPU = Debug|Any CPU
		Release|Any CPU = Release|Any CPU
	EndGlobalSection
	GlobalSection(ProjectConfigurationPlatforms) = postSolution
		{2FADEE12-3DC8-4418-9B93-7D06A1E4E2D2}.Debug|Any CPU.ActiveCfg = Debug|Any CPU
		{2FADEE12-3DC8-4418-9B93-7D06A1E4E2D2}.Debug|Any CPU.Build.0 = Debug|Any CPU
		{2FADEE12-3DC8-4418-9B93-7D06A1E4E2D2}.Release|Any CPU.ActiveCfg = Release|Any CPU
		{2FADEE12-3DC8-4418-9B93-7D06A1E4E2D2}.Release|Any CPU.Build.0 = Release|Any CPU
	EndGlobalSection
	GlobalSection(SolutionProperties) = preSolution
		HideSolutionNode = FALSE
	EndGlobalSection
	GlobalSection(ExtensibilityGlobals) = postSolution
		SolutionGuid = {7CDD2197-B282-4F7E-8CDB-4FC13C597912}
	EndGlobalSection
EndGlobal
